
Microsoft Visual Studio Solution File, Format Version 12.00
Project("{FAE04EC0-301F-11D3-BF4B-00C04F79EFBC}") = "FlightBooking.Application", "FlightBooking.Application\FlightBooking.Application.csproj", "{66ABC72E-7AB2-46BE-AED7-079FCB5FD334}"
EndProject
Project("{FAE04EC0-301F-11D3-BF4B-00C04F79EFBC}") = "FlightBooking.Domain", "FlightBooking.Domain\FlightBooking.Domain.csproj", "{59BFD414-E69D-4772-9DA8-B3D66417AD6E}"
EndProject
Project("{FAE04EC0-301F-11D3-BF4B-00C04F79EFBC}") = "FlightBooking.Infrastructure", "FlightBooking.Infrastructure\FlightBooking.Infrastructure.csproj", "{317BBBCD-C126-4449-8ED7-E707FAA4911D}"
EndProject
Project("{FAE04EC0-301F-11D3-BF4B-00C04F79EFBC}") = "FlightBooking.API", "FlightBooking.API\FlightBooking.API.csproj", "{455838E0-45C8-4D35-991D-EDF487B6AA31}"
EndProject
Global
	GlobalSection(SolutionConfigurationPlatforms) = preSolution
		Debug|Any CPU = Debug|Any CPU
		Release|Any CPU = Release|Any CPU
	EndGlobalSection
	GlobalSection(ProjectConfigurationPlatforms) = postSolution
		{66ABC72E-7AB2-46BE-AED7-079FCB5FD334}.Debug|Any CPU.ActiveCfg = Debug|Any CPU
		{66ABC72E-7AB2-46BE-AED7-079FCB5FD334}.Debug|Any CPU.Build.0 = Debug|Any CPU
		{66ABC72E-7AB2-46BE-AED7-079FCB5FD334}.Release|Any CPU.ActiveCfg = Release|Any CPU
		{66ABC72E-7AB2-46BE-AED7-079FCB5FD334}.Release|Any CPU.Build.0 = Release|Any CPU
		{59BFD414-E69D-4772-9DA8-B3D66417AD6E}.Debug|Any CPU.ActiveCfg = Debug|Any CPU
		{59BFD414-E69D-4772-9DA8-B3D66417AD6E}.Debug|Any CPU.Build.0 = Debug|Any CPU
		{59BFD414-E69D-4772-9DA8-B3D66417AD6E}.Release|Any CPU.ActiveCfg = Release|Any CPU
		{59BFD414-E69D-4772-9DA8-B3D66417AD6E}.Release|Any CPU.Build.0 = Release|Any CPU
		{317BBBCD-C126-4449-8ED7-E707FAA4911D}.Debug|Any CPU.ActiveCfg = Debug|Any CPU
		{317BBBCD-C126-4449-8ED7-E707FAA4911D}.Debug|Any CPU.Build.0 = Debug|Any CPU
		{317BBBCD-C126-4449-8ED7-E707FAA4911D}.Release|Any CPU.ActiveCfg = Release|Any CPU
		{317BBBCD-C126-4449-8ED7-E707FAA4911D}.Release|Any CPU.Build.0 = Release|Any CPU
		{455838E0-45C8-4D35-991D-EDF487B6AA31}.Debug|Any CPU.ActiveCfg = Debug|Any CPU
		{455838E0-45C8-4D35-991D-EDF487B6AA31}.Debug|Any CPU.Build.0 = Debug|Any CPU
		{455838E0-45C8-4D35-991D-EDF487B6AA31}.Release|Any CPU.ActiveCfg = Release|Any CPU
		{455838E0-45C8-4D35-991D-EDF487B6AA31}.Release|Any CPU.Build.0 = Release|Any CPU
	EndGlobalSection
EndGlobal
